// !$*UTF8*$!
{
	archiveVersion = 1;
	classes = {
	};
	objectVersion = 46;
	objects = {
/* Begin PBXBuildFile section */
		0207DA581B56EA530066E2B4 /* Images.xcassets in Resources */ = {isa = PBXBuildFile; fileRef = 0207DA571B56EA530066E2B4 /* Images.xcassets */; };
		1D3623260D0F684500981E51 /* AppDelegate.m in Sources */ = {isa = PBXBuildFile; fileRef = 1D3623250D0F684500981E51 /* AppDelegate.m */; };
		1D60589B0D05DD56006BFB54 /* main.m in Sources */ = {isa = PBXBuildFile; fileRef = 29B97316FDCFA39411CA2CEA /* main.m */; };
		301BF552109A68D80062928A /* libCordova.a in Frameworks */ = {isa = PBXBuildFile; fileRef = 301BF535109A57CC0062928A /* libCordova.a */; };
		302D95F114D2391D003F00A1 /* MainViewController.m in Sources */ = {isa = PBXBuildFile; fileRef = 302D95EF14D2391D003F00A1 /* MainViewController.m */; };
		302D95F214D2391D003F00A1 /* MainViewController.xib in Resources */ = {isa = PBXBuildFile; fileRef = 302D95F014D2391D003F00A1 /* MainViewController.xib */; };
		3047A5121AB8059700498E2A /* build-debug.xcconfig in Resources */ = {isa = PBXBuildFile; fileRef = 3047A50F1AB8059700498E2A /* build-debug.xcconfig */; };
		3047A5131AB8059700498E2A /* build-release.xcconfig in Resources */ = {isa = PBXBuildFile; fileRef = 3047A5101AB8059700498E2A /* build-release.xcconfig */; };
		3047A5141AB8059700498E2A /* build.xcconfig in Resources */ = {isa = PBXBuildFile; fileRef = 3047A5111AB8059700498E2A /* build.xcconfig */; };
		6AFF5BF91D6E424B00AB3073 /* CDVLaunchScreen.storyboard in Resources */ = {isa = PBXBuildFile; fileRef = 6AFF5BF81D6E424B00AB3073 /* CDVLaunchScreen.storyboard */; };
		E54635C5C7D14683B8AF63CB /* CDVBattery.m in Sources */ = {isa = PBXBuildFile; fileRef = DD94637636504F468525855E /* CDVBattery.m */; };
		0C511C436BEB4B55B9FAE8F5 /* CoreLocation.framework in Frameworks */ = {isa = PBXBuildFile; fileRef = 47D63CBE69BC4AE6AD420EB3 /* CoreLocation.framework */; };
		7F1332C8519B4571A453A7DA /* CDVLogger.m in Sources */ = {isa = PBXBuildFile; fileRef = 9407856D652F418593FBD8DA /* CDVLogger.m */; };
		D2358B26439045249E637ACF /* CDVContacts.m in Sources */ = {isa = PBXBuildFile; fileRef = AB4835E69BD945259A42CE80 /* CDVContacts.m */; };
		A94223DBE53A45F59C9BBBFB /* CDVContact.m in Sources */ = {isa = PBXBuildFile; fileRef = A085507729674C41B73FA244 /* CDVContact.m */; };
		131F5BD418D4400EA44F6885 /* AddressBook.framework in Frameworks */ = {isa = PBXBuildFile; fileRef = 7156542DDC09460683B9E3C1 /* AddressBook.framework */; settings = {ATTRIBUTES = (Weak, ); }; };
		DBDB33634E154B8BB0A29484 /* AddressBookUI.framework in Frameworks */ = {isa = PBXBuildFile; fileRef = 639FE5BAAB924F69A497053A /* AddressBookUI.framework */; settings = {ATTRIBUTES = (Weak, ); }; };
		4EFAEDC8523D4CA5A484F2E4 /* CDVDevice.m in Sources */ = {isa = PBXBuildFile; fileRef = 61430AD5C0DA478CA43A2FC7 /* CDVDevice.m */; };
		1BE03650C5A540C0ACE93C17 /* libz.tbd in Frameworks */ = {isa = PBXBuildFile; fileRef = 0FEE28237F1A4328BEBC4806 /* libz.tbd */; };
		DBBA24DE7C9D4459B4F1EE36 /* CDVAccelerometer.m in Sources */ = {isa = PBXBuildFile; fileRef = 7D777CE112AA4D499A32F6C9 /* CDVAccelerometer.m */; };
		86D028A9736444E387EA6C52 /* CoreMotion.framework in Frameworks */ = {isa = PBXBuildFile; fileRef = 8965BFF8A364439D97680053 /* CoreMotion.framework */; };
		960CD37B1869488AB11C66E3 /* CDVCompass.m in Sources */ = {isa = PBXBuildFile; fileRef = EFA022894D9A462CBED79927 /* CDVCompass.m */; };
		077ACC24BCFD4D72810E55FC /* CDVNotification.m in Sources */ = {isa = PBXBuildFile; fileRef = 7FCCDD988A4E423DAE6777BE /* CDVNotification.m */; };
		FA386CDA674B4C40A67FC069 /* CDVNotification.bundle in Resources */ = {isa = PBXBuildFile; fileRef = 1BF15D12256748499CB1E752 /* CDVNotification.bundle */; };
		C0C03D64EA0E46368E11010A /* AudioToolbox.framework in Frameworks */ = {isa = PBXBuildFile; fileRef = 2C3B1350CB9E4E48A4F135D8 /* AudioToolbox.framework */; settings = {ATTRIBUTES = (Weak, ); }; };
		A7E5C71BFF624FAEA084F5C9 /* CDVFile.m in Sources */ = {isa = PBXBuildFile; fileRef = 75E7FC6A0996431ABF24CA95 /* CDVFile.m */; };
		08EBBB41211C4850BA1AE109 /* CDVLocalFilesystem.m in Sources */ = {isa = PBXBuildFile; fileRef = 78AB1C50135247D897AA1F98 /* CDVLocalFilesystem.m */; };
		FCC598FEAC0B47C183DF58D8 /* CDVAssetLibraryFilesystem.m in Sources */ = {isa = PBXBuildFile; fileRef = 3471F3FB07A64F6E8B802691 /* CDVAssetLibraryFilesystem.m */; };
		9F5FF172A91D49C6ABDF0E6C /* CDVFileTransfer.m in Sources */ = {isa = PBXBuildFile; fileRef = 1ACB241B9E214481AD8AE299 /* CDVFileTransfer.m */; };
		E0ECBB97668649C9942DC764 /* CDVLocation.m in Sources */ = {isa = PBXBuildFile; fileRef = 880413A9E26447739216FC12 /* CDVLocation.m */; };
		7F72DA92AF334F8FBC417F32 /* CDVGlobalization.m in Sources */ = {isa = PBXBuildFile; fileRef = D841760CF4F0420D83A9D9A3 /* CDVGlobalization.m */; };
		29297A9F3C8345F68D4792EE /* CDVInAppBrowser.m in Sources */ = {isa = PBXBuildFile; fileRef = 583CC2E3B14A4CDCBF01214A /* CDVInAppBrowser.m */; };
		44E1E9689AF149EAAE35B57E /* CDVSound.m in Sources */ = {isa = PBXBuildFile; fileRef = 6D95305A7A04464284E6903E /* CDVSound.m */; };
		C16F2AA4EB944AD5A5667AF9 /* CDVCapture.m in Sources */ = {isa = PBXBuildFile; fileRef = F73A84917280408CAA4E29CB /* CDVCapture.m */; };
		55DA95277D3F4D1688AA13C5 /* CDVCapture.bundle in Resources */ = {isa = PBXBuildFile; fileRef = 3F0953B459664359A38E5DCC /* CDVCapture.bundle */; };
		1567BC2A21554DA88AA65FA4 /* CDVConnection.m in Sources */ = {isa = PBXBuildFile; fileRef = F35B76ED781B48C7B43D1BA7 /* CDVConnection.m */; };
		CA14CAE51E8E49F1B92B98AA /* CDVReachability.m in Sources */ = {isa = PBXBuildFile; fileRef = FCE7C10340074A9B9265781C /* CDVReachability.m */; };
		034FE3B691144C6397ED59F1 /* SystemConfiguration.framework in Frameworks */ = {isa = PBXBuildFile; fileRef = 6B1D803533AD45E69FC9C382 /* SystemConfiguration.framework */; settings = {ATTRIBUTES = (Weak, ); }; };
		22AD43F4B5F441D8B6681487 /* CoreTelephony.framework in Frameworks */ = {isa = PBXBuildFile; fileRef = C32EC783EE9E4B3CB081F99D /* CoreTelephony.framework */; };
		227C7543A25444BE88D584CE /* CDVSplashScreen.m in Sources */ = {isa = PBXBuildFile; fileRef = E9A2587583B2434C95DC9AB3 /* CDVSplashScreen.m */; };
		F1FBF2287EE34146A2B94FB8 /* CDVViewController+SplashScreen.m in Sources */ = {isa = PBXBuildFile; fileRef = 5BC7777351B1402887015145 /* CDVViewController+SplashScreen.m */; };
		D422CE91B2864427ACB97F98 /* CDVStatusBar.m in Sources */ = {isa = PBXBuildFile; fileRef = 5E055347905D44049BDA84CD /* CDVStatusBar.m */; };
		4DB5A172C28F4D579374E907 /* CDVVibration.m in Sources */ = {isa = PBXBuildFile; fileRef = 5B641A4810344972936B14B3 /* CDVVibration.m */; };
		F4D8382363DD4E66AC920500 /* UIImage+CropScaleOrientation.m in Sources */ = {isa = PBXBuildFile; fileRef = 1BCE868994EE477197A28BAD /* UIImage+CropScaleOrientation.m */; };
		CF113667BDB04CD39DE9E48B /* CDVCamera.m in Sources */ = {isa = PBXBuildFile; fileRef = 5B9A7B0180FC4BC6A4950AF1 /* CDVCamera.m */; };
		A5316C3CFF01408AA94E6BAB /* CDVJpegHeaderWriter.m in Sources */ = {isa = PBXBuildFile; fileRef = CCB265B26BAD48659291B307 /* CDVJpegHeaderWriter.m */; };
		E3268A2BEC9D4805BD39C085 /* ImageIO.framework in Frameworks */ = {isa = PBXBuildFile; fileRef = 778E720C9F4347B793A27CE2 /* ImageIO.framework */; settings = {ATTRIBUTES = (Weak, ); }; };
		96C5F80B241448FE9BA00949 /* AVFoundation.framework in Frameworks */ = {isa = PBXBuildFile; fileRef = 9D8FF1ED3E694CE4931523A3 /* AVFoundation.framework */; };
		6DC0052BFA5D46D6BAEE37C5 /* AppDelegate+APPAppEvent.m in Sources */ = {isa = PBXBuildFile; fileRef = 1D2B7830CE8B42088815DA24 /* AppDelegate+APPAppEvent.m */; };
		072A43F5DECD4C2492CAC906 /* CDVPlugin+APPAppEvent.m in Sources */ = {isa = PBXBuildFile; fileRef = 3FE84E90FA1241D2AC66E272 /* CDVPlugin+APPAppEvent.m */; };
		867BCA135F6744D997D23518 /* APPLocalNotification.m in Sources */ = {isa = PBXBuildFile; fileRef = D9C448EBFE4A4E67BC7E3E66 /* APPLocalNotification.m */; };
		6AE63E9F6B114EC7BCDF0619 /* APPLocalNotificationOptions.m in Sources */ = {isa = PBXBuildFile; fileRef = 979232291052434A82FC99C3 /* APPLocalNotificationOptions.m */; };
		D3292181D34D4B3E80D7421F /* UNUserNotificationCenter+APPLocalNotification.m in Sources */ = {isa = PBXBuildFile; fileRef = FE8163320DCE4272B9485926 /* UNUserNotificationCenter+APPLocalNotification.m */; };
		1C74FC6D5748426AB91F1A16 /* UNMutableNotificationContent+APPLocalNotification.m in Sources */ = {isa = PBXBuildFile; fileRef = C384628FEC4842E39E2C0BE5 /* UNMutableNotificationContent+APPLocalNotification.m */; };
		E8159DA652C14DBEB77CC1DB /* UNNotificationRequest+APPLocalNotification.m in Sources */ = {isa = PBXBuildFile; fileRef = 331FC717CAA94855A0675015 /* UNNotificationRequest+APPLocalNotification.m */; };
		A2C85C7AB10841FA876A4E4A /* APPLocalNotificationOptions.ios9.m in Sources */ = {isa = PBXBuildFile; fileRef = 525AEA68A67E42AC86E63285 /* APPLocalNotificationOptions.ios9.m */; };
		5D5F9779A1DE4377A3A76CE6 /* UIApplication+APPLocalNotification.ios9.m in Sources */ = {isa = PBXBuildFile; fileRef = 16C3F13555BB4135A7760603 /* UIApplication+APPLocalNotification.ios9.m */; };
		1312A84550CD44918DA89F16 /* UILocalNotification+APPLocalNotification.ios9.m in Sources */ = {isa = PBXBuildFile; fileRef = 40348EF60E7A403C98918648 /* UILocalNotification+APPLocalNotification.ios9.m */; };
		2D8B27D785184553B5273F8B /* UserNotifications.framework in Frameworks */ = {isa = PBXBuildFile; fileRef = EAB94D64E3CB49B58218777D /* UserNotifications.framework */; };
		CBA504CA088C4247851F711A /* APPBackgroundMode.m in Sources */ = {isa = PBXBuildFile; fileRef = 85545CD51C9F4FE68264F708 /* APPBackgroundMode.m */; };
		0E07C8F2960E4011BC521D0B /* APPMethodMagic.m in Sources */ = {isa = PBXBuildFile; fileRef = CBC355B904324E928046A5F3 /* APPMethodMagic.m */; };
		FCEF4A480B3C4CAC98A7454E /* appbeep.wav in Resources */ = {isa = PBXBuildFile; fileRef = A85961C71A804149A4520D1C /* appbeep.wav */; };
/* End PBXBuildFile section */

/* Begin PBXContainerItemProxy section */
		301BF534109A57CC0062928A /* PBXContainerItemProxy */ = {
			isa = PBXContainerItemProxy;
			containerPortal = 301BF52D109A57CC0062928A /* CordovaLib.xcodeproj */;
			proxyType = 2;
			remoteGlobalIDString = D2AAC07E0554694100DB518D;
			remoteInfo = CordovaLib;
		};
		301BF550109A68C00062928A /* PBXContainerItemProxy */ = {
			isa = PBXContainerItemProxy;
			containerPortal = 301BF52D109A57CC0062928A /* CordovaLib.xcodeproj */;
			proxyType = 1;
			remoteGlobalIDString = D2AAC07D0554694100DB518D;
			remoteInfo = CordovaLib;
		};
/* End PBXContainerItemProxy section */

/* Begin PBXFileReference section */
		0207DA571B56EA530066E2B4 /* Images.xcassets */ = {isa = PBXFileReference; lastKnownFileType = folder.assetcatalog; name = Images.xcassets; path = "GeoPhotos/Images.xcassets"; sourceTree = SOURCE_ROOT; };
		1D3623240D0F684500981E51 /* AppDelegate.h */ = {isa = PBXFileReference; fileEncoding = 4; lastKnownFileType = sourcecode.c.h; path = AppDelegate.h; sourceTree = "<group>"; };
		1D3623250D0F684500981E51 /* AppDelegate.m */ = {isa = PBXFileReference; fileEncoding = 4; lastKnownFileType = sourcecode.c.objc; path = AppDelegate.m; sourceTree = "<group>"; };
		1D6058910D05DD3D006BFB54 /* GeoPhotos.app */ = {isa = PBXFileReference; explicitFileType = wrapper.application; includeInIndex = 0; path = "GeoPhotos.app"; sourceTree = BUILT_PRODUCTS_DIR; };
		29B97316FDCFA39411CA2CEA /* main.m */ = {isa = PBXFileReference; fileEncoding = 4; lastKnownFileType = sourcecode.c.objc; path = main.m; sourceTree = "<group>"; };
		301BF52D109A57CC0062928A /* CordovaLib.xcodeproj */ = {isa = PBXFileReference; lastKnownFileType = "wrapper.pb-project"; name = CordovaLib.xcodeproj; path = CordovaLib/CordovaLib.xcodeproj; sourceTree = "<group>"; };
		301BF56E109A69640062928A /* www */ = {isa = PBXFileReference; lastKnownFileType = folder; path = www; sourceTree = SOURCE_ROOT; };
		302D95EE14D2391D003F00A1 /* MainViewController.h */ = {isa = PBXFileReference; fileEncoding = 4; lastKnownFileType = sourcecode.c.h; path = MainViewController.h; sourceTree = "<group>"; };
		302D95EF14D2391D003F00A1 /* MainViewController.m */ = {isa = PBXFileReference; fileEncoding = 4; lastKnownFileType = sourcecode.c.objc; path = MainViewController.m; sourceTree = "<group>"; };
		302D95F014D2391D003F00A1 /* MainViewController.xib */ = {isa = PBXFileReference; fileEncoding = 4; lastKnownFileType = file.xib; path = MainViewController.xib; sourceTree = "<group>"; };
		3047A50F1AB8059700498E2A /* build-debug.xcconfig */ = {isa = PBXFileReference; fileEncoding = 4; lastKnownFileType = text.xcconfig; name = "build-debug.xcconfig"; path = cordova/build-debug.xcconfig; sourceTree = SOURCE_ROOT; };
		3047A5101AB8059700498E2A /* build-release.xcconfig */ = {isa = PBXFileReference; fileEncoding = 4; lastKnownFileType = text.xcconfig; name = "build-release.xcconfig"; path = cordova/build-release.xcconfig; sourceTree = SOURCE_ROOT; };
		3047A5111AB8059700498E2A /* build.xcconfig */ = {isa = PBXFileReference; fileEncoding = 4; lastKnownFileType = text.xcconfig; name = build.xcconfig; path = cordova/build.xcconfig; sourceTree = SOURCE_ROOT; };
		32CA4F630368D1EE00C91783 /* GeoPhotos-Prefix.pch */ = {isa = PBXFileReference; fileEncoding = 4; lastKnownFileType = sourcecode.c.h; path = "GeoPhotos-Prefix.pch"; sourceTree = "<group>"; };
		6AFF5BF81D6E424B00AB3073 /* CDVLaunchScreen.storyboard */ = {isa = PBXFileReference; fileEncoding = 4; lastKnownFileType = file.storyboard; name = CDVLaunchScreen.storyboard; path = "GeoPhotos/CDVLaunchScreen.storyboard"; sourceTree = SOURCE_ROOT; };
		8D1107310486CEB800E47090 /* GeoPhotos-Info.plist */ = {isa = PBXFileReference; fileEncoding = 4; lastKnownFileType = text.plist.xml; name = "GeoPhotos-Info.plist"; path = "GeoPhotos/GeoPhotos-Info.plist"; plistStructureDefinitionIdentifier = "com.apple.xcode.plist.structure-definition.iphone.info-plist"; sourceTree = SOURCE_ROOT; };
		EB87FDF31871DA8E0020F90C /* www */ = {isa = PBXFileReference; lastKnownFileType = folder; name = www; path = ../../www; sourceTree = "<group>"; };
		EB87FDF41871DAF40020F90C /* config.xml */ = {isa = PBXFileReference; lastKnownFileType = text.xml; name = config.xml; path = ../../config.xml; sourceTree = "<group>"; };
		F840E1F0165FE0F500CFE078 /* config.xml */ = {isa = PBXFileReference; lastKnownFileType = text.xml; name = config.xml; path = "GeoPhotos/config.xml"; sourceTree = "<group>"; };
		ED33DF2A687741AEAF9F8254 /* Bridging-Header.h */ = {isa = PBXFileReference; fileEncoding = 4; lastKnownFileType = sourcecode.c.h; name = "Bridging-Header.h"; path = "Bridging-Header.h"; sourceTree = "<group>"; };
		DD94637636504F468525855E /* CDVBattery.m */ = {isa = PBXFileReference; name = "CDVBattery.m"; path = "cordova-plugin-battery-status/CDVBattery.m"; sourceTree = "<group>"; fileEncoding = 4; lastKnownFileType = sourcecode.c.objc; explicitFileType = undefined; includeInIndex = 0; };
		283EBBE218544C5AAF8B582C /* CDVBattery.h */ = {isa = PBXFileReference; name = "CDVBattery.h"; path = "cordova-plugin-battery-status/CDVBattery.h"; sourceTree = "<group>"; fileEncoding = 4; lastKnownFileType = sourcecode.c.h; explicitFileType = undefined; includeInIndex = 0; };
		47D63CBE69BC4AE6AD420EB3 /* CoreLocation.framework */ = {isa = PBXFileReference; name = "CoreLocation.framework"; path = "System/Library/Frameworks/CoreLocation.framework"; sourceTree = SDKROOT; fileEncoding = undefined; lastKnownFileType = wrapper.framework; explicitFileType = undefined; includeInIndex = 0; };
		9407856D652F418593FBD8DA /* CDVLogger.m */ = {isa = PBXFileReference; name = "CDVLogger.m"; path = "cordova-plugin-console/CDVLogger.m"; sourceTree = "<group>"; fileEncoding = 4; lastKnownFileType = sourcecode.c.objc; explicitFileType = undefined; includeInIndex = 0; };
		6CA2FB269C9D4438BBBB7FAC /* CDVLogger.h */ = {isa = PBXFileReference; name = "CDVLogger.h"; path = "cordova-plugin-console/CDVLogger.h"; sourceTree = "<group>"; fileEncoding = 4; lastKnownFileType = sourcecode.c.h; explicitFileType = undefined; includeInIndex = 0; };
		AB4835E69BD945259A42CE80 /* CDVContacts.m */ = {isa = PBXFileReference; name = "CDVContacts.m"; path = "cordova-plugin-contacts/CDVContacts.m"; sourceTree = "<group>"; fileEncoding = 4; lastKnownFileType = sourcecode.c.objc; explicitFileType = undefined; includeInIndex = 0; };
		A085507729674C41B73FA244 /* CDVContact.m */ = {isa = PBXFileReference; name = "CDVContact.m"; path = "cordova-plugin-contacts/CDVContact.m"; sourceTree = "<group>"; fileEncoding = 4; lastKnownFileType = sourcecode.c.objc; explicitFileType = undefined; includeInIndex = 0; };
		549F7E0B55014521984076E8 /* CDVContacts.h */ = {isa = PBXFileReference; name = "CDVContacts.h"; path = "cordova-plugin-contacts/CDVContacts.h"; sourceTree = "<group>"; fileEncoding = 4; lastKnownFileType = sourcecode.c.h; explicitFileType = undefined; includeInIndex = 0; };
		0E2866FACFDB478E8259AFC2 /* CDVContact.h */ = {isa = PBXFileReference; name = "CDVContact.h"; path = "cordova-plugin-contacts/CDVContact.h"; sourceTree = "<group>"; fileEncoding = 4; lastKnownFileType = sourcecode.c.h; explicitFileType = undefined; includeInIndex = 0; };
		7156542DDC09460683B9E3C1 /* AddressBook.framework */ = {isa = PBXFileReference; name = "AddressBook.framework"; path = "System/Library/Frameworks/AddressBook.framework"; sourceTree = SDKROOT; fileEncoding = undefined; lastKnownFileType = wrapper.framework; explicitFileType = undefined; includeInIndex = 0; };
		639FE5BAAB924F69A497053A /* AddressBookUI.framework */ = {isa = PBXFileReference; name = "AddressBookUI.framework"; path = "System/Library/Frameworks/AddressBookUI.framework"; sourceTree = SDKROOT; fileEncoding = undefined; lastKnownFileType = wrapper.framework; explicitFileType = undefined; includeInIndex = 0; };
		61430AD5C0DA478CA43A2FC7 /* CDVDevice.m */ = {isa = PBXFileReference; name = "CDVDevice.m"; path = "cordova-plugin-device/CDVDevice.m"; sourceTree = "<group>"; fileEncoding = 4; lastKnownFileType = sourcecode.c.objc; explicitFileType = undefined; includeInIndex = 0; };
		81621A86A8584E00A3F28911 /* CDVDevice.h */ = {isa = PBXFileReference; name = "CDVDevice.h"; path = "cordova-plugin-device/CDVDevice.h"; sourceTree = "<group>"; fileEncoding = 4; lastKnownFileType = sourcecode.c.h; explicitFileType = undefined; includeInIndex = 0; };
		0FEE28237F1A4328BEBC4806 /* libz.tbd */ = {isa = PBXFileReference; name = "libz.tbd"; path = "usr/lib/libz.tbd"; sourceTree = SDKROOT; fileEncoding = undefined; lastKnownFileType = sourcecode.text-based-dylib-definition; explicitFileType = undefined; includeInIndex = 0; };
		7D777CE112AA4D499A32F6C9 /* CDVAccelerometer.m */ = {isa = PBXFileReference; name = "CDVAccelerometer.m"; path = "cordova-plugin-device-motion/CDVAccelerometer.m"; sourceTree = "<group>"; fileEncoding = 4; lastKnownFileType = sourcecode.c.objc; explicitFileType = undefined; includeInIndex = 0; };
		470340655E8B4868B399B746 /* CDVAccelerometer.h */ = {isa = PBXFileReference; name = "CDVAccelerometer.h"; path = "cordova-plugin-device-motion/CDVAccelerometer.h"; sourceTree = "<group>"; fileEncoding = 4; lastKnownFileType = sourcecode.c.h; explicitFileType = undefined; includeInIndex = 0; };
		8965BFF8A364439D97680053 /* CoreMotion.framework */ = {isa = PBXFileReference; name = "CoreMotion.framework"; path = "System/Library/Frameworks/CoreMotion.framework"; sourceTree = SDKROOT; fileEncoding = undefined; lastKnownFileType = wrapper.framework; explicitFileType = undefined; includeInIndex = 0; };
		EFA022894D9A462CBED79927 /* CDVCompass.m */ = {isa = PBXFileReference; name = "CDVCompass.m"; path = "cordova-plugin-device-orientation/CDVCompass.m"; sourceTree = "<group>"; fileEncoding = 4; lastKnownFileType = sourcecode.c.objc; explicitFileType = undefined; includeInIndex = 0; };
		DE790438E9924488814BC013 /* CDVCompass.h */ = {isa = PBXFileReference; name = "CDVCompass.h"; path = "cordova-plugin-device-orientation/CDVCompass.h"; sourceTree = "<group>"; fileEncoding = 4; lastKnownFileType = sourcecode.c.h; explicitFileType = undefined; includeInIndex = 0; };
		7FCCDD988A4E423DAE6777BE /* CDVNotification.m */ = {isa = PBXFileReference; name = "CDVNotification.m"; path = "cordova-plugin-dialogs/CDVNotification.m"; sourceTree = "<group>"; fileEncoding = 4; lastKnownFileType = sourcecode.c.objc; explicitFileType = undefined; includeInIndex = 0; };
		2A487CD5CFED4FC3B73C3F6C /* CDVNotification.h */ = {isa = PBXFileReference; name = "CDVNotification.h"; path = "cordova-plugin-dialogs/CDVNotification.h"; sourceTree = "<group>"; fileEncoding = 4; lastKnownFileType = sourcecode.c.h; explicitFileType = undefined; includeInIndex = 0; };
		1BF15D12256748499CB1E752 /* CDVNotification.bundle */ = {isa = PBXFileReference; name = "CDVNotification.bundle"; path = "CDVNotification.bundle"; sourceTree = "<group>"; fileEncoding = undefined; lastKnownFileType = wrapper.plug-in; explicitFileType = undefined; includeInIndex = 0; };
		2C3B1350CB9E4E48A4F135D8 /* AudioToolbox.framework */ = {isa = PBXFileReference; name = "AudioToolbox.framework"; path = "System/Library/Frameworks/AudioToolbox.framework"; sourceTree = SDKROOT; fileEncoding = undefined; lastKnownFileType = wrapper.framework; explicitFileType = undefined; includeInIndex = 0; };
		75E7FC6A0996431ABF24CA95 /* CDVFile.m */ = {isa = PBXFileReference; name = "CDVFile.m"; path = "cordova-plugin-file/CDVFile.m"; sourceTree = "<group>"; fileEncoding = 4; lastKnownFileType = sourcecode.c.objc; explicitFileType = undefined; includeInIndex = 0; };
		78AB1C50135247D897AA1F98 /* CDVLocalFilesystem.m */ = {isa = PBXFileReference; name = "CDVLocalFilesystem.m"; path = "cordova-plugin-file/CDVLocalFilesystem.m"; sourceTree = "<group>"; fileEncoding = 4; lastKnownFileType = sourcecode.c.objc; explicitFileType = undefined; includeInIndex = 0; };
		3471F3FB07A64F6E8B802691 /* CDVAssetLibraryFilesystem.m */ = {isa = PBXFileReference; name = "CDVAssetLibraryFilesystem.m"; path = "cordova-plugin-file/CDVAssetLibraryFilesystem.m"; sourceTree = "<group>"; fileEncoding = 4; lastKnownFileType = sourcecode.c.objc; explicitFileType = undefined; includeInIndex = 0; };
		BAB4390E986345FD93B88080 /* CDVFile.h */ = {isa = PBXFileReference; name = "CDVFile.h"; path = "cordova-plugin-file/CDVFile.h"; sourceTree = "<group>"; fileEncoding = 4; lastKnownFileType = sourcecode.c.h; explicitFileType = undefined; includeInIndex = 0; };
		BF03E711EA8B40CFAAED4D22 /* CDVLocalFilesystem.h */ = {isa = PBXFileReference; name = "CDVLocalFilesystem.h"; path = "cordova-plugin-file/CDVLocalFilesystem.h"; sourceTree = "<group>"; fileEncoding = 4; lastKnownFileType = sourcecode.c.h; explicitFileType = undefined; includeInIndex = 0; };
		AC97EE9433354D35BC43486A /* CDVAssetLibraryFilesystem.h */ = {isa = PBXFileReference; name = "CDVAssetLibraryFilesystem.h"; path = "cordova-plugin-file/CDVAssetLibraryFilesystem.h"; sourceTree = "<group>"; fileEncoding = 4; lastKnownFileType = sourcecode.c.h; explicitFileType = undefined; includeInIndex = 0; };
		1ACB241B9E214481AD8AE299 /* CDVFileTransfer.m */ = {isa = PBXFileReference; name = "CDVFileTransfer.m"; path = "cordova-plugin-file-transfer/CDVFileTransfer.m"; sourceTree = "<group>"; fileEncoding = 4; lastKnownFileType = sourcecode.c.objc; explicitFileType = undefined; includeInIndex = 0; };
		A6BDB11EBFE44CBB834AFE22 /* CDVFileTransfer.h */ = {isa = PBXFileReference; name = "CDVFileTransfer.h"; path = "cordova-plugin-file-transfer/CDVFileTransfer.h"; sourceTree = "<group>"; fileEncoding = 4; lastKnownFileType = sourcecode.c.h; explicitFileType = undefined; includeInIndex = 0; };
		880413A9E26447739216FC12 /* CDVLocation.m */ = {isa = PBXFileReference; name = "CDVLocation.m"; path = "cordova-plugin-geolocation/CDVLocation.m"; sourceTree = "<group>"; fileEncoding = 4; lastKnownFileType = sourcecode.c.objc; explicitFileType = undefined; includeInIndex = 0; };
		C63ABF17D0BE45A489789B9F /* CDVLocation.h */ = {isa = PBXFileReference; name = "CDVLocation.h"; path = "cordova-plugin-geolocation/CDVLocation.h"; sourceTree = "<group>"; fileEncoding = 4; lastKnownFileType = sourcecode.c.h; explicitFileType = undefined; includeInIndex = 0; };
		D841760CF4F0420D83A9D9A3 /* CDVGlobalization.m */ = {isa = PBXFileReference; name = "CDVGlobalization.m"; path = "cordova-plugin-globalization/CDVGlobalization.m"; sourceTree = "<group>"; fileEncoding = 4; lastKnownFileType = sourcecode.c.objc; explicitFileType = undefined; includeInIndex = 0; };
		C50B32335BF44B7E97A53862 /* CDVGlobalization.h */ = {isa = PBXFileReference; name = "CDVGlobalization.h"; path = "cordova-plugin-globalization/CDVGlobalization.h"; sourceTree = "<group>"; fileEncoding = 4; lastKnownFileType = sourcecode.c.h; explicitFileType = undefined; includeInIndex = 0; };
		583CC2E3B14A4CDCBF01214A /* CDVInAppBrowser.m */ = {isa = PBXFileReference; name = "CDVInAppBrowser.m"; path = "cordova-plugin-inappbrowser/CDVInAppBrowser.m"; sourceTree = "<group>"; fileEncoding = 4; lastKnownFileType = sourcecode.c.objc; explicitFileType = undefined; includeInIndex = 0; };
		F27F1DD99F034A63B656A51D /* CDVInAppBrowser.h */ = {isa = PBXFileReference; name = "CDVInAppBrowser.h"; path = "cordova-plugin-inappbrowser/CDVInAppBrowser.h"; sourceTree = "<group>"; fileEncoding = 4; lastKnownFileType = sourcecode.c.h; explicitFileType = undefined; includeInIndex = 0; };
		6D95305A7A04464284E6903E /* CDVSound.m */ = {isa = PBXFileReference; name = "CDVSound.m"; path = "cordova-plugin-media/CDVSound.m"; sourceTree = "<group>"; fileEncoding = 4; lastKnownFileType = sourcecode.c.objc; explicitFileType = undefined; includeInIndex = 0; };
		FCA5B723B29749BD892B263B /* CDVSound.h */ = {isa = PBXFileReference; name = "CDVSound.h"; path = "cordova-plugin-media/CDVSound.h"; sourceTree = "<group>"; fileEncoding = 4; lastKnownFileType = sourcecode.c.h; explicitFileType = undefined; includeInIndex = 0; };
		F73A84917280408CAA4E29CB /* CDVCapture.m */ = {isa = PBXFileReference; name = "CDVCapture.m"; path = "cordova-plugin-media-capture/CDVCapture.m"; sourceTree = "<group>"; fileEncoding = 4; lastKnownFileType = sourcecode.c.objc; explicitFileType = undefined; includeInIndex = 0; };
		3FCF9780B5B744F2BF88804D /* CDVCapture.h */ = {isa = PBXFileReference; name = "CDVCapture.h"; path = "cordova-plugin-media-capture/CDVCapture.h"; sourceTree = "<group>"; fileEncoding = 4; lastKnownFileType = sourcecode.c.h; explicitFileType = undefined; includeInIndex = 0; };
		3F0953B459664359A38E5DCC /* CDVCapture.bundle */ = {isa = PBXFileReference; name = "CDVCapture.bundle"; path = "CDVCapture.bundle"; sourceTree = "<group>"; fileEncoding = undefined; lastKnownFileType = wrapper.plug-in; explicitFileType = undefined; includeInIndex = 0; };
		F35B76ED781B48C7B43D1BA7 /* CDVConnection.m */ = {isa = PBXFileReference; name = "CDVConnection.m"; path = "cordova-plugin-network-information/CDVConnection.m"; sourceTree = "<group>"; fileEncoding = 4; lastKnownFileType = sourcecode.c.objc; explicitFileType = undefined; includeInIndex = 0; };
		FCE7C10340074A9B9265781C /* CDVReachability.m */ = {isa = PBXFileReference; name = "CDVReachability.m"; path = "cordova-plugin-network-information/CDVReachability.m"; sourceTree = "<group>"; fileEncoding = 4; lastKnownFileType = sourcecode.c.objc; explicitFileType = undefined; includeInIndex = 0; };
		171EC5B0AFD340AF8532B53A /* CDVConnection.h */ = {isa = PBXFileReference; name = "CDVConnection.h"; path = "cordova-plugin-network-information/CDVConnection.h"; sourceTree = "<group>"; fileEncoding = 4; lastKnownFileType = sourcecode.c.h; explicitFileType = undefined; includeInIndex = 0; };
		13E78E1D93454CF69636F01D /* CDVReachability.h */ = {isa = PBXFileReference; name = "CDVReachability.h"; path = "cordova-plugin-network-information/CDVReachability.h"; sourceTree = "<group>"; fileEncoding = 4; lastKnownFileType = sourcecode.c.h; explicitFileType = undefined; includeInIndex = 0; };
		6B1D803533AD45E69FC9C382 /* SystemConfiguration.framework */ = {isa = PBXFileReference; name = "SystemConfiguration.framework"; path = "System/Library/Frameworks/SystemConfiguration.framework"; sourceTree = SDKROOT; fileEncoding = undefined; lastKnownFileType = wrapper.framework; explicitFileType = undefined; includeInIndex = 0; };
		C32EC783EE9E4B3CB081F99D /* CoreTelephony.framework */ = {isa = PBXFileReference; name = "CoreTelephony.framework"; path = "System/Library/Frameworks/CoreTelephony.framework"; sourceTree = SDKROOT; fileEncoding = undefined; lastKnownFileType = wrapper.framework; explicitFileType = undefined; includeInIndex = 0; };
		E9A2587583B2434C95DC9AB3 /* CDVSplashScreen.m */ = {isa = PBXFileReference; name = "CDVSplashScreen.m"; path = "cordova-plugin-splashscreen/CDVSplashScreen.m"; sourceTree = "<group>"; fileEncoding = 4; lastKnownFileType = sourcecode.c.objc; explicitFileType = undefined; includeInIndex = 0; };
		5BC7777351B1402887015145 /* CDVViewController+SplashScreen.m */ = {isa = PBXFileReference; name = "CDVViewController+SplashScreen.m"; path = "cordova-plugin-splashscreen/CDVViewController+SplashScreen.m"; sourceTree = "<group>"; fileEncoding = 4; lastKnownFileType = sourcecode.c.objc; explicitFileType = undefined; includeInIndex = 0; };
		4EBD88403C1A43CE97AE20AD /* CDVSplashScreen.h */ = {isa = PBXFileReference; name = "CDVSplashScreen.h"; path = "cordova-plugin-splashscreen/CDVSplashScreen.h"; sourceTree = "<group>"; fileEncoding = 4; lastKnownFileType = sourcecode.c.h; explicitFileType = undefined; includeInIndex = 0; };
		0D33EE97689F4F1D80CB3130 /* CDVViewController+SplashScreen.h */ = {isa = PBXFileReference; name = "CDVViewController+SplashScreen.h"; path = "cordova-plugin-splashscreen/CDVViewController+SplashScreen.h"; sourceTree = "<group>"; fileEncoding = 4; lastKnownFileType = sourcecode.c.h; explicitFileType = undefined; includeInIndex = 0; };
		5E055347905D44049BDA84CD /* CDVStatusBar.m */ = {isa = PBXFileReference; name = "CDVStatusBar.m"; path = "cordova-plugin-statusbar/CDVStatusBar.m"; sourceTree = "<group>"; fileEncoding = 4; lastKnownFileType = sourcecode.c.objc; explicitFileType = undefined; includeInIndex = 0; };
		6D36EBEC8F11497C8C281DC5 /* CDVStatusBar.h */ = {isa = PBXFileReference; name = "CDVStatusBar.h"; path = "cordova-plugin-statusbar/CDVStatusBar.h"; sourceTree = "<group>"; fileEncoding = 4; lastKnownFileType = sourcecode.c.h; explicitFileType = undefined; includeInIndex = 0; };
		5B641A4810344972936B14B3 /* CDVVibration.m */ = {isa = PBXFileReference; name = "CDVVibration.m"; path = "cordova-plugin-vibration/CDVVibration.m"; sourceTree = "<group>"; fileEncoding = 4; lastKnownFileType = sourcecode.c.objc; explicitFileType = undefined; includeInIndex = 0; };
		C8BD8F0868BF41CF9D99F79B /* CDVVibration.h */ = {isa = PBXFileReference; name = "CDVVibration.h"; path = "cordova-plugin-vibration/CDVVibration.h"; sourceTree = "<group>"; fileEncoding = 4; lastKnownFileType = sourcecode.c.h; explicitFileType = undefined; includeInIndex = 0; };
		1BCE868994EE477197A28BAD /* UIImage+CropScaleOrientation.m */ = {isa = PBXFileReference; name = "UIImage+CropScaleOrientation.m"; path = "cordova-plugin-camera/UIImage+CropScaleOrientation.m"; sourceTree = "<group>"; fileEncoding = 4; lastKnownFileType = sourcecode.c.objc; explicitFileType = undefined; includeInIndex = 0; };
		5B9A7B0180FC4BC6A4950AF1 /* CDVCamera.m */ = {isa = PBXFileReference; name = "CDVCamera.m"; path = "cordova-plugin-camera/CDVCamera.m"; sourceTree = "<group>"; fileEncoding = 4; lastKnownFileType = sourcecode.c.objc; explicitFileType = undefined; includeInIndex = 0; };
		CCB265B26BAD48659291B307 /* CDVJpegHeaderWriter.m */ = {isa = PBXFileReference; name = "CDVJpegHeaderWriter.m"; path = "cordova-plugin-camera/CDVJpegHeaderWriter.m"; sourceTree = "<group>"; fileEncoding = 4; lastKnownFileType = sourcecode.c.objc; explicitFileType = undefined; includeInIndex = 0; };
		D9B000F4854640849E645E08 /* UIImage+CropScaleOrientation.h */ = {isa = PBXFileReference; name = "UIImage+CropScaleOrientation.h"; path = "cordova-plugin-camera/UIImage+CropScaleOrientation.h"; sourceTree = "<group>"; fileEncoding = 4; lastKnownFileType = sourcecode.c.h; explicitFileType = undefined; includeInIndex = 0; };
		819FC20AED65454B86968E26 /* CDVCamera.h */ = {isa = PBXFileReference; name = "CDVCamera.h"; path = "cordova-plugin-camera/CDVCamera.h"; sourceTree = "<group>"; fileEncoding = 4; lastKnownFileType = sourcecode.c.h; explicitFileType = undefined; includeInIndex = 0; };
		420F917E78C646EAA3D11DDE /* CDVJpegHeaderWriter.h */ = {isa = PBXFileReference; name = "CDVJpegHeaderWriter.h"; path = "cordova-plugin-camera/CDVJpegHeaderWriter.h"; sourceTree = "<group>"; fileEncoding = 4; lastKnownFileType = sourcecode.c.h; explicitFileType = undefined; includeInIndex = 0; };
		65297D286EE844DE8FC80003 /* CDVExif.h */ = {isa = PBXFileReference; name = "CDVExif.h"; path = "cordova-plugin-camera/CDVExif.h"; sourceTree = "<group>"; fileEncoding = 4; lastKnownFileType = sourcecode.c.h; explicitFileType = undefined; includeInIndex = 0; };
		778E720C9F4347B793A27CE2 /* ImageIO.framework */ = {isa = PBXFileReference; name = "ImageIO.framework"; path = "System/Library/Frameworks/ImageIO.framework"; sourceTree = SDKROOT; fileEncoding = undefined; lastKnownFileType = wrapper.framework; explicitFileType = undefined; includeInIndex = 0; };
		9D8FF1ED3E694CE4931523A3 /* AVFoundation.framework */ = {isa = PBXFileReference; name = "AVFoundation.framework"; path = "System/Library/Frameworks/AVFoundation.framework"; sourceTree = SDKROOT; fileEncoding = undefined; lastKnownFileType = wrapper.framework; explicitFileType = undefined; includeInIndex = 0; };
		1D2B7830CE8B42088815DA24 /* AppDelegate+APPAppEvent.m */ = {isa = PBXFileReference; name = "AppDelegate+APPAppEvent.m"; path = "cordova-plugin-app-event/AppDelegate+APPAppEvent.m"; sourceTree = "<group>"; fileEncoding = 4; lastKnownFileType = sourcecode.c.objc; explicitFileType = undefined; includeInIndex = 0; };
		3FE84E90FA1241D2AC66E272 /* CDVPlugin+APPAppEvent.m */ = {isa = PBXFileReference; name = "CDVPlugin+APPAppEvent.m"; path = "cordova-plugin-app-event/CDVPlugin+APPAppEvent.m"; sourceTree = "<group>"; fileEncoding = 4; lastKnownFileType = sourcecode.c.objc; explicitFileType = undefined; includeInIndex = 0; };
		0423C0223D5C4199A76FA70C /* AppDelegate+APPAppEvent.h */ = {isa = PBXFileReference; name = "AppDelegate+APPAppEvent.h"; path = "cordova-plugin-app-event/AppDelegate+APPAppEvent.h"; sourceTree = "<group>"; fileEncoding = 4; lastKnownFileType = sourcecode.c.h; explicitFileType = undefined; includeInIndex = 0; };
		BE1D99463AF14D38BD019C02 /* CDVPlugin+APPAppEvent.h */ = {isa = PBXFileReference; name = "CDVPlugin+APPAppEvent.h"; path = "cordova-plugin-app-event/CDVPlugin+APPAppEvent.h"; sourceTree = "<group>"; fileEncoding = 4; lastKnownFileType = sourcecode.c.h; explicitFileType = undefined; includeInIndex = 0; };
		E8AF57C670244025898F3805 /* APPAppEventDelegate.h */ = {isa = PBXFileReference; name = "APPAppEventDelegate.h"; path = "cordova-plugin-app-event/APPAppEventDelegate.h"; sourceTree = "<group>"; fileEncoding = 4; lastKnownFileType = sourcecode.c.h; explicitFileType = undefined; includeInIndex = 0; };
		D9C448EBFE4A4E67BC7E3E66 /* APPLocalNotification.m */ = {isa = PBXFileReference; name = "APPLocalNotification.m"; path = "de.appplant.cordova.plugin.local-notification/APPLocalNotification.m"; sourceTree = "<group>"; fileEncoding = 4; lastKnownFileType = sourcecode.c.objc; explicitFileType = undefined; includeInIndex = 0; };
		979232291052434A82FC99C3 /* APPLocalNotificationOptions.m */ = {isa = PBXFileReference; name = "APPLocalNotificationOptions.m"; path = "de.appplant.cordova.plugin.local-notification/APPLocalNotificationOptions.m"; sourceTree = "<group>"; fileEncoding = 4; lastKnownFileType = sourcecode.c.objc; explicitFileType = undefined; includeInIndex = 0; };
		FE8163320DCE4272B9485926 /* UNUserNotificationCenter+APPLocalNotification.m */ = {isa = PBXFileReference; name = "UNUserNotificationCenter+APPLocalNotification.m"; path = "de.appplant.cordova.plugin.local-notification/UNUserNotificationCenter+APPLocalNotification.m"; sourceTree = "<group>"; fileEncoding = 4; lastKnownFileType = sourcecode.c.objc; explicitFileType = undefined; includeInIndex = 0; };
		C384628FEC4842E39E2C0BE5 /* UNMutableNotificationContent+APPLocalNotification.m */ = {isa = PBXFileReference; name = "UNMutableNotificationContent+APPLocalNotification.m"; path = "de.appplant.cordova.plugin.local-notification/UNMutableNotificationContent+APPLocalNotification.m"; sourceTree = "<group>"; fileEncoding = 4; lastKnownFileType = sourcecode.c.objc; explicitFileType = undefined; includeInIndex = 0; };
		331FC717CAA94855A0675015 /* UNNotificationRequest+APPLocalNotification.m */ = {isa = PBXFileReference; name = "UNNotificationRequest+APPLocalNotification.m"; path = "de.appplant.cordova.plugin.local-notification/UNNotificationRequest+APPLocalNotification.m"; sourceTree = "<group>"; fileEncoding = 4; lastKnownFileType = sourcecode.c.objc; explicitFileType = undefined; includeInIndex = 0; };
		525AEA68A67E42AC86E63285 /* APPLocalNotificationOptions.ios9.m */ = {isa = PBXFileReference; name = "APPLocalNotificationOptions.ios9.m"; path = "de.appplant.cordova.plugin.local-notification/APPLocalNotificationOptions.ios9.m"; sourceTree = "<group>"; fileEncoding = 4; lastKnownFileType = sourcecode.c.objc; explicitFileType = undefined; includeInIndex = 0; };
		16C3F13555BB4135A7760603 /* UIApplication+APPLocalNotification.ios9.m */ = {isa = PBXFileReference; name = "UIApplication+APPLocalNotification.ios9.m"; path = "de.appplant.cordova.plugin.local-notification/UIApplication+APPLocalNotification.ios9.m"; sourceTree = "<group>"; fileEncoding = 4; lastKnownFileType = sourcecode.c.objc; explicitFileType = undefined; includeInIndex = 0; };
		40348EF60E7A403C98918648 /* UILocalNotification+APPLocalNotification.ios9.m */ = {isa = PBXFileReference; name = "UILocalNotification+APPLocalNotification.ios9.m"; path = "de.appplant.cordova.plugin.local-notification/UILocalNotification+APPLocalNotification.ios9.m"; sourceTree = "<group>"; fileEncoding = 4; lastKnownFileType = sourcecode.c.objc; explicitFileType = undefined; includeInIndex = 0; };
		145F676094DA483697F07DE3 /* APPLocalNotification.h */ = {isa = PBXFileReference; name = "APPLocalNotification.h"; path = "de.appplant.cordova.plugin.local-notification/APPLocalNotification.h"; sourceTree = "<group>"; fileEncoding = 4; lastKnownFileType = sourcecode.c.h; explicitFileType = undefined; includeInIndex = 0; };
		A8C965144958475A828B2AD4 /* APPLocalNotificationOptions.h */ = {isa = PBXFileReference; name = "APPLocalNotificationOptions.h"; path = "de.appplant.cordova.plugin.local-notification/APPLocalNotificationOptions.h"; sourceTree = "<group>"; fileEncoding = 4; lastKnownFileType = sourcecode.c.h; explicitFileType = undefined; includeInIndex = 0; };
		20F2FB55522E43F385829431 /* UNUserNotificationCenter+APPLocalNotification.h */ = {isa = PBXFileReference; name = "UNUserNotificationCenter+APPLocalNotification.h"; path = "de.appplant.cordova.plugin.local-notification/UNUserNotificationCenter+APPLocalNotification.h"; sourceTree = "<group>"; fileEncoding = 4; lastKnownFileType = sourcecode.c.h; explicitFileType = undefined; includeInIndex = 0; };
		18A56B1F6CA24C5580395DEF /* UNMutableNotificationContent+APPLocalNotification.h */ = {isa = PBXFileReference; name = "UNMutableNotificationContent+APPLocalNotification.h"; path = "de.appplant.cordova.plugin.local-notification/UNMutableNotificationContent+APPLocalNotification.h"; sourceTree = "<group>"; fileEncoding = 4; lastKnownFileType = sourcecode.c.h; explicitFileType = undefined; includeInIndex = 0; };
		3E0A30A605FF43138DEDAEF4 /* UNNotificationRequest+APPLocalNotification.h */ = {isa = PBXFileReference; name = "UNNotificationRequest+APPLocalNotification.h"; path = "de.appplant.cordova.plugin.local-notification/UNNotificationRequest+APPLocalNotification.h"; sourceTree = "<group>"; fileEncoding = 4; lastKnownFileType = sourcecode.c.h; explicitFileType = undefined; includeInIndex = 0; };
		D7BD68C77C8449B0B896E585 /* APPLocalNotificationOptions.ios9.h */ = {isa = PBXFileReference; name = "APPLocalNotificationOptions.ios9.h"; path = "de.appplant.cordova.plugin.local-notification/APPLocalNotificationOptions.ios9.h"; sourceTree = "<group>"; fileEncoding = 4; lastKnownFileType = sourcecode.c.h; explicitFileType = undefined; includeInIndex = 0; };
		A0F0DB6104F34582B065A723 /* UIApplication+APPLocalNotification.ios9.h */ = {isa = PBXFileReference; name = "UIApplication+APPLocalNotification.ios9.h"; path = "de.appplant.cordova.plugin.local-notification/UIApplication+APPLocalNotification.ios9.h"; sourceTree = "<group>"; fileEncoding = 4; lastKnownFileType = sourcecode.c.h; explicitFileType = undefined; includeInIndex = 0; };
		13DB40A0D04A441AA372F409 /* UILocalNotification+APPLocalNotification.ios9.h */ = {isa = PBXFileReference; name = "UILocalNotification+APPLocalNotification.ios9.h"; path = "de.appplant.cordova.plugin.local-notification/UILocalNotification+APPLocalNotification.ios9.h"; sourceTree = "<group>"; fileEncoding = 4; lastKnownFileType = sourcecode.c.h; explicitFileType = undefined; includeInIndex = 0; };
		EAB94D64E3CB49B58218777D /* UserNotifications.framework */ = {isa = PBXFileReference; name = "UserNotifications.framework"; path = "System/Library/Frameworks/UserNotifications.framework"; sourceTree = SDKROOT; fileEncoding = undefined; lastKnownFileType = wrapper.framework; explicitFileType = undefined; includeInIndex = 0; };
		85545CD51C9F4FE68264F708 /* APPBackgroundMode.m */ = {isa = PBXFileReference; name = "APPBackgroundMode.m"; path = "cordova-plugin-background-mode/APPBackgroundMode.m"; sourceTree = "<group>"; fileEncoding = 4; lastKnownFileType = sourcecode.c.objc; explicitFileType = undefined; includeInIndex = 0; };
		CBC355B904324E928046A5F3 /* APPMethodMagic.m */ = {isa = PBXFileReference; name = "APPMethodMagic.m"; path = "cordova-plugin-background-mode/APPMethodMagic.m"; sourceTree = "<group>"; fileEncoding = 4; lastKnownFileType = sourcecode.c.objc; explicitFileType = undefined; includeInIndex = 0; };
		7794F615CC144CABBAAF3954 /* APPBackgroundMode.h */ = {isa = PBXFileReference; name = "APPBackgroundMode.h"; path = "cordova-plugin-background-mode/APPBackgroundMode.h"; sourceTree = "<group>"; fileEncoding = 4; lastKnownFileType = sourcecode.c.h; explicitFileType = undefined; includeInIndex = 0; };
		B91F44D7A3CD4B17978761A4 /* APPMethodMagic.h */ = {isa = PBXFileReference; name = "APPMethodMagic.h"; path = "cordova-plugin-background-mode/APPMethodMagic.h"; sourceTree = "<group>"; fileEncoding = 4; lastKnownFileType = sourcecode.c.h; explicitFileType = undefined; includeInIndex = 0; };
		A85961C71A804149A4520D1C /* appbeep.wav */ = {isa = PBXFileReference; name = "appbeep.wav"; path = "appbeep.wav"; sourceTree = "<group>"; fileEncoding = undefined; lastKnownFileType = unknown; explicitFileType = undefined; includeInIndex = 0; };
/* End PBXFileReference section */

/* Begin PBXFrameworksBuildPhase section */
		1D60588F0D05DD3D006BFB54 /* Frameworks */ = {
			isa = PBXFrameworksBuildPhase;
			buildActionMask = 2147483647;
			files = (
				301BF552109A68D80062928A /* libCordova.a in Frameworks */,
				0C511C436BEB4B55B9FAE8F5 /* CoreLocation.framework in Frameworks */,
				131F5BD418D4400EA44F6885 /* AddressBook.framework in Frameworks */,
				DBDB33634E154B8BB0A29484 /* AddressBookUI.framework in Frameworks */,
				1BE03650C5A540C0ACE93C17 /* libz.tbd in Frameworks */,
				86D028A9736444E387EA6C52 /* CoreMotion.framework in Frameworks */,
				C0C03D64EA0E46368E11010A /* AudioToolbox.framework in Frameworks */,
				034FE3B691144C6397ED59F1 /* SystemConfiguration.framework in Frameworks */,
				22AD43F4B5F441D8B6681487 /* CoreTelephony.framework in Frameworks */,
				E3268A2BEC9D4805BD39C085 /* ImageIO.framework in Frameworks */,
				96C5F80B241448FE9BA00949 /* AVFoundation.framework in Frameworks */,
				2D8B27D785184553B5273F8B /* UserNotifications.framework in Frameworks */,
			);
			runOnlyForDeploymentPostprocessing = 0;
		};
/* End PBXFrameworksBuildPhase section */

/* Begin PBXGroup section */
		080E96DDFE201D6D7F000001 /* Classes */ = {
			isa = PBXGroup;
			children = (
				302D95EE14D2391D003F00A1 /* MainViewController.h */,
				302D95EF14D2391D003F00A1 /* MainViewController.m */,
				302D95F014D2391D003F00A1 /* MainViewController.xib */,
				1D3623240D0F684500981E51 /* AppDelegate.h */,
				1D3623250D0F684500981E51 /* AppDelegate.m */,
			);
			name = Classes;
			path = "GeoPhotos/Classes";
			sourceTree = SOURCE_ROOT;
		};
		19C28FACFE9D520D11CA2CBB /* Products */ = {
			isa = PBXGroup;
			children = (
				1D6058910D05DD3D006BFB54 /* GeoPhotos.app */,
			);
			name = Products;
			sourceTree = "<group>";
		};
		29B97314FDCFA39411CA2CEA /* CustomTemplate */ = {
			isa = PBXGroup;
			children = (
				EB87FDF41871DAF40020F90C /* config.xml */,
				EB87FDF31871DA8E0020F90C /* www */,
				EB87FDF11871DA420020F90C /* Staging */,
				301BF52D109A57CC0062928A /* CordovaLib.xcodeproj */,
				080E96DDFE201D6D7F000001 /* Classes */,
				307C750510C5A3420062BCA9 /* Plugins */,
				29B97315FDCFA39411CA2CEA /* Other Sources */,
				29B97317FDCFA39411CA2CEA /* Resources */,
				29B97323FDCFA39411CA2CEA /* Frameworks */,
				19C28FACFE9D520D11CA2CBB /* Products */,
			);
			name = CustomTemplate;
			sourceTree = "<group>";
		};
		29B97315FDCFA39411CA2CEA /* Other Sources */ = {
			isa = PBXGroup;
			children = (
				32CA4F630368D1EE00C91783 /* GeoPhotos-Prefix.pch */,
				29B97316FDCFA39411CA2CEA /* main.m */,
				ED33DF2A687741AEAF9F8254 /* Bridging-Header.h */,
			);
			name = "Other Sources";
			path = "GeoPhotos";
			sourceTree = "<group>";
		};
		29B97317FDCFA39411CA2CEA /* Resources */ = {
			isa = PBXGroup;
			children = (
				0207DA571B56EA530066E2B4 /* Images.xcassets */,
				3047A50E1AB8057F00498E2A /* config */,
				8D1107310486CEB800E47090 /* GeoPhotos-Info.plist */,
				6AFF5BF81D6E424B00AB3073 /* CDVLaunchScreen.storyboard */,
				1BF15D12256748499CB1E752 /* CDVNotification.bundle */,
				3F0953B459664359A38E5DCC /* CDVCapture.bundle */,
				A85961C71A804149A4520D1C /* appbeep.wav */,
			);
			name = Resources;
			path = "GeoPhotos/Resources";
			sourceTree = "<group>";
		};
		29B97323FDCFA39411CA2CEA /* Frameworks */ = {
			isa = PBXGroup;
			children = (
				47D63CBE69BC4AE6AD420EB3 /* CoreLocation.framework */,
				7156542DDC09460683B9E3C1 /* AddressBook.framework */,
				639FE5BAAB924F69A497053A /* AddressBookUI.framework */,
				0FEE28237F1A4328BEBC4806 /* libz.tbd */,
				8965BFF8A364439D97680053 /* CoreMotion.framework */,
				2C3B1350CB9E4E48A4F135D8 /* AudioToolbox.framework */,
				6B1D803533AD45E69FC9C382 /* SystemConfiguration.framework */,
				C32EC783EE9E4B3CB081F99D /* CoreTelephony.framework */,
				778E720C9F4347B793A27CE2 /* ImageIO.framework */,
				9D8FF1ED3E694CE4931523A3 /* AVFoundation.framework */,
				EAB94D64E3CB49B58218777D /* UserNotifications.framework */,
			);
			name = Frameworks;
			sourceTree = "<group>";
		};
		301BF52E109A57CC0062928A /* Products */ = {
			isa = PBXGroup;
			children = (
				301BF535109A57CC0062928A /* libCordova.a */,
			);
			name = Products;
			sourceTree = "<group>";
		};
		3047A50E1AB8057F00498E2A /* config */ = {
			isa = PBXGroup;
			children = (
				3047A50F1AB8059700498E2A /* build-debug.xcconfig */,
				3047A5101AB8059700498E2A /* build-release.xcconfig */,
				3047A5111AB8059700498E2A /* build.xcconfig */,
			);
			name = config;
			sourceTree = "<group>";
		};
		307C750510C5A3420062BCA9 /* Plugins */ = {
			isa = PBXGroup;
			children = (
				DD94637636504F468525855E /* CDVBattery.m */,
				283EBBE218544C5AAF8B582C /* CDVBattery.h */,
				9407856D652F418593FBD8DA /* CDVLogger.m */,
				6CA2FB269C9D4438BBBB7FAC /* CDVLogger.h */,
				AB4835E69BD945259A42CE80 /* CDVContacts.m */,
				A085507729674C41B73FA244 /* CDVContact.m */,
				549F7E0B55014521984076E8 /* CDVContacts.h */,
				0E2866FACFDB478E8259AFC2 /* CDVContact.h */,
				61430AD5C0DA478CA43A2FC7 /* CDVDevice.m */,
				81621A86A8584E00A3F28911 /* CDVDevice.h */,
				7D777CE112AA4D499A32F6C9 /* CDVAccelerometer.m */,
				470340655E8B4868B399B746 /* CDVAccelerometer.h */,
				EFA022894D9A462CBED79927 /* CDVCompass.m */,
				DE790438E9924488814BC013 /* CDVCompass.h */,
				7FCCDD988A4E423DAE6777BE /* CDVNotification.m */,
				2A487CD5CFED4FC3B73C3F6C /* CDVNotification.h */,
				75E7FC6A0996431ABF24CA95 /* CDVFile.m */,
				78AB1C50135247D897AA1F98 /* CDVLocalFilesystem.m */,
				3471F3FB07A64F6E8B802691 /* CDVAssetLibraryFilesystem.m */,
				BAB4390E986345FD93B88080 /* CDVFile.h */,
				BF03E711EA8B40CFAAED4D22 /* CDVLocalFilesystem.h */,
				AC97EE9433354D35BC43486A /* CDVAssetLibraryFilesystem.h */,
				1ACB241B9E214481AD8AE299 /* CDVFileTransfer.m */,
				A6BDB11EBFE44CBB834AFE22 /* CDVFileTransfer.h */,
				880413A9E26447739216FC12 /* CDVLocation.m */,
				C63ABF17D0BE45A489789B9F /* CDVLocation.h */,
				D841760CF4F0420D83A9D9A3 /* CDVGlobalization.m */,
				C50B32335BF44B7E97A53862 /* CDVGlobalization.h */,
				583CC2E3B14A4CDCBF01214A /* CDVInAppBrowser.m */,
				F27F1DD99F034A63B656A51D /* CDVInAppBrowser.h */,
				6D95305A7A04464284E6903E /* CDVSound.m */,
				FCA5B723B29749BD892B263B /* CDVSound.h */,
				F73A84917280408CAA4E29CB /* CDVCapture.m */,
				3FCF9780B5B744F2BF88804D /* CDVCapture.h */,
				F35B76ED781B48C7B43D1BA7 /* CDVConnection.m */,
				FCE7C10340074A9B9265781C /* CDVReachability.m */,
				171EC5B0AFD340AF8532B53A /* CDVConnection.h */,
				13E78E1D93454CF69636F01D /* CDVReachability.h */,
				E9A2587583B2434C95DC9AB3 /* CDVSplashScreen.m */,
				5BC7777351B1402887015145 /* CDVViewController+SplashScreen.m */,
				4EBD88403C1A43CE97AE20AD /* CDVSplashScreen.h */,
				0D33EE97689F4F1D80CB3130 /* CDVViewController+SplashScreen.h */,
				5E055347905D44049BDA84CD /* CDVStatusBar.m */,
				6D36EBEC8F11497C8C281DC5 /* CDVStatusBar.h */,
				5B641A4810344972936B14B3 /* CDVVibration.m */,
				C8BD8F0868BF41CF9D99F79B /* CDVVibration.h */,
				1BCE868994EE477197A28BAD /* UIImage+CropScaleOrientation.m */,
				5B9A7B0180FC4BC6A4950AF1 /* CDVCamera.m */,
				CCB265B26BAD48659291B307 /* CDVJpegHeaderWriter.m */,
				D9B000F4854640849E645E08 /* UIImage+CropScaleOrientation.h */,
				819FC20AED65454B86968E26 /* CDVCamera.h */,
				420F917E78C646EAA3D11DDE /* CDVJpegHeaderWriter.h */,
				65297D286EE844DE8FC80003 /* CDVExif.h */,
				1D2B7830CE8B42088815DA24 /* AppDelegate+APPAppEvent.m */,
				3FE84E90FA1241D2AC66E272 /* CDVPlugin+APPAppEvent.m */,
				0423C0223D5C4199A76FA70C /* AppDelegate+APPAppEvent.h */,
				BE1D99463AF14D38BD019C02 /* CDVPlugin+APPAppEvent.h */,
				E8AF57C670244025898F3805 /* APPAppEventDelegate.h */,
				D9C448EBFE4A4E67BC7E3E66 /* APPLocalNotification.m */,
				979232291052434A82FC99C3 /* APPLocalNotificationOptions.m */,
				FE8163320DCE4272B9485926 /* UNUserNotificationCenter+APPLocalNotification.m */,
				C384628FEC4842E39E2C0BE5 /* UNMutableNotificationContent+APPLocalNotification.m */,
				331FC717CAA94855A0675015 /* UNNotificationRequest+APPLocalNotification.m */,
				525AEA68A67E42AC86E63285 /* APPLocalNotificationOptions.ios9.m */,
				16C3F13555BB4135A7760603 /* UIApplication+APPLocalNotification.ios9.m */,
				40348EF60E7A403C98918648 /* UILocalNotification+APPLocalNotification.ios9.m */,
				145F676094DA483697F07DE3 /* APPLocalNotification.h */,
				A8C965144958475A828B2AD4 /* APPLocalNotificationOptions.h */,
				20F2FB55522E43F385829431 /* UNUserNotificationCenter+APPLocalNotification.h */,
				18A56B1F6CA24C5580395DEF /* UNMutableNotificationContent+APPLocalNotification.h */,
				3E0A30A605FF43138DEDAEF4 /* UNNotificationRequest+APPLocalNotification.h */,
				D7BD68C77C8449B0B896E585 /* APPLocalNotificationOptions.ios9.h */,
				A0F0DB6104F34582B065A723 /* UIApplication+APPLocalNotification.ios9.h */,
				13DB40A0D04A441AA372F409 /* UILocalNotification+APPLocalNotification.ios9.h */,
				85545CD51C9F4FE68264F708 /* APPBackgroundMode.m */,
				CBC355B904324E928046A5F3 /* APPMethodMagic.m */,
				7794F615CC144CABBAAF3954 /* APPBackgroundMode.h */,
				B91F44D7A3CD4B17978761A4 /* APPMethodMagic.h */,
			);
			name = Plugins;
			path = "GeoPhotos/Plugins";
			sourceTree = SOURCE_ROOT;
		};
		EB87FDF11871DA420020F90C /* Staging */ = {
			isa = PBXGroup;
			children = (
				F840E1F0165FE0F500CFE078 /* config.xml */,
				301BF56E109A69640062928A /* www */,
			);
			name = Staging;
			sourceTree = "<group>";
		};
/* End PBXGroup section */

/* Begin PBXNativeTarget section */
		1D6058900D05DD3D006BFB54 /* GeoPhotos */ = {
			isa = PBXNativeTarget;
			buildConfigurationList = 1D6058960D05DD3E006BFB54 /* Build configuration list for PBXNativeTarget "GeoPhotos" */;
			buildPhases = (
				304B58A110DAC018002A0835 /* Copy www directory */,
				1D60588D0D05DD3D006BFB54 /* Resources */,
				1D60588E0D05DD3D006BFB54 /* Sources */,
				1D60588F0D05DD3D006BFB54 /* Frameworks */,
			);
			buildRules = (
			);
			dependencies = (
				301BF551109A68C00062928A /* PBXTargetDependency */,
			);
			name = "GeoPhotos";
			productName = "GeoPhotos";
			productReference = 1D6058910D05DD3D006BFB54 /* GeoPhotos.app */;
			productType = "com.apple.product-type.application";
		};
/* End PBXNativeTarget section */

/* Begin PBXProject section */
		29B97313FDCFA39411CA2CEA /* Project object */ = {
			isa = PBXProject;
			attributes = {
				LastUpgradeCheck = 510;
			};
			buildConfigurationList = C01FCF4E08A954540054247B /* Build configuration list for PBXProject "__NON-CLI__" */;
			compatibilityVersion = "Xcode 3.2";
			developmentRegion = English;
			hasScannedForEncodings = 1;
			mainGroup = 29B97314FDCFA39411CA2CEA /* CustomTemplate */;
			projectDirPath = "";
			projectReferences = (
				{
					ProductGroup = 301BF52E109A57CC0062928A /* Products */;
					ProjectRef = 301BF52D109A57CC0062928A /* CordovaLib.xcodeproj */;
				},
			);
			projectRoot = "";
			targets = (
				1D6058900D05DD3D006BFB54 /* GeoPhotos */,
			);
		};
/* End PBXProject section */

/* Begin PBXReferenceProxy section */
		301BF535109A57CC0062928A /* libCordova.a */ = {
			isa = PBXReferenceProxy;
			fileType = archive.ar;
			path = libCordova.a;
			remoteRef = 301BF534109A57CC0062928A /* PBXContainerItemProxy */;
			sourceTree = BUILT_PRODUCTS_DIR;
		};
/* End PBXReferenceProxy section */

/* Begin PBXResourcesBuildPhase section */
		1D60588D0D05DD3D006BFB54 /* Resources */ = {
			isa = PBXResourcesBuildPhase;
			buildActionMask = 2147483647;
			files = (
				302D95F214D2391D003F00A1 /* MainViewController.xib in Resources */,
				0207DA581B56EA530066E2B4 /* Images.xcassets in Resources */,
				6AFF5BF91D6E424B00AB3073 /* CDVLaunchScreen.storyboard in Resources */,
				FA386CDA674B4C40A67FC069 /* CDVNotification.bundle in Resources */,
				55DA95277D3F4D1688AA13C5 /* CDVCapture.bundle in Resources */,
				FCEF4A480B3C4CAC98A7454E /* appbeep.wav in Resources */,
			);
			runOnlyForDeploymentPostprocessing = 0;
		};
/* End PBXResourcesBuildPhase section */

/* Begin PBXShellScriptBuildPhase section */
		304B58A110DAC018002A0835 /* Copy www directory */ = {
			isa = PBXShellScriptBuildPhase;
			buildActionMask = 2147483647;
			files = (
			);
			inputPaths = (
			);
			name = "Copy www directory";
			outputPaths = (
			);
			runOnlyForDeploymentPostprocessing = 0;
			shellPath = /bin/sh;
			shellScript = "NODEJS_PATH=/usr/local/bin; NVM_NODE_PATH=~/.nvm/versions/node/`nvm version 2>/dev/null`/bin; N_NODE_PATH=`find /usr/local/n/versions/node/* -maxdepth 0 -type d 2>/dev/null | tail -1`/bin; XCODE_NODE_PATH=`xcode-select --print-path`/usr/share/xcs/Node/bin; PATH=$NODEJS_PATH:$NVM_NODE_PATH:$N_NODE_PATH:$XCODE_NODE_PATH:$PATH && node cordova/lib/copy-www-build-step.js";
			showEnvVarsInLog = 0;
		};
/* End PBXShellScriptBuildPhase section */

/* Begin PBXSourcesBuildPhase section */
		1D60588E0D05DD3D006BFB54 /* Sources */ = {
			isa = PBXSourcesBuildPhase;
			buildActionMask = 2147483647;
			files = (
				1D60589B0D05DD56006BFB54 /* main.m in Sources */,
				1D3623260D0F684500981E51 /* AppDelegate.m in Sources */,
				302D95F114D2391D003F00A1 /* MainViewController.m in Sources */,
				E54635C5C7D14683B8AF63CB /* CDVBattery.m in Sources */,
				7F1332C8519B4571A453A7DA /* CDVLogger.m in Sources */,
				D2358B26439045249E637ACF /* CDVContacts.m in Sources */,
				A94223DBE53A45F59C9BBBFB /* CDVContact.m in Sources */,
				4EFAEDC8523D4CA5A484F2E4 /* CDVDevice.m in Sources */,
				DBBA24DE7C9D4459B4F1EE36 /* CDVAccelerometer.m in Sources */,
				960CD37B1869488AB11C66E3 /* CDVCompass.m in Sources */,
				077ACC24BCFD4D72810E55FC /* CDVNotification.m in Sources */,
				A7E5C71BFF624FAEA084F5C9 /* CDVFile.m in Sources */,
				08EBBB41211C4850BA1AE109 /* CDVLocalFilesystem.m in Sources */,
				FCC598FEAC0B47C183DF58D8 /* CDVAssetLibraryFilesystem.m in Sources */,
				9F5FF172A91D49C6ABDF0E6C /* CDVFileTransfer.m in Sources */,
				E0ECBB97668649C9942DC764 /* CDVLocation.m in Sources */,
				7F72DA92AF334F8FBC417F32 /* CDVGlobalization.m in Sources */,
				29297A9F3C8345F68D4792EE /* CDVInAppBrowser.m in Sources */,
				44E1E9689AF149EAAE35B57E /* CDVSound.m in Sources */,
				C16F2AA4EB944AD5A5667AF9 /* CDVCapture.m in Sources */,
				1567BC2A21554DA88AA65FA4 /* CDVConnection.m in Sources */,
				CA14CAE51E8E49F1B92B98AA /* CDVReachability.m in Sources */,
				227C7543A25444BE88D584CE /* CDVSplashScreen.m in Sources */,
				F1FBF2287EE34146A2B94FB8 /* CDVViewController+SplashScreen.m in Sources */,
				D422CE91B2864427ACB97F98 /* CDVStatusBar.m in Sources */,
				4DB5A172C28F4D579374E907 /* CDVVibration.m in Sources */,
				F4D8382363DD4E66AC920500 /* UIImage+CropScaleOrientation.m in Sources */,
				CF113667BDB04CD39DE9E48B /* CDVCamera.m in Sources */,
				A5316C3CFF01408AA94E6BAB /* CDVJpegHeaderWriter.m in Sources */,
				6DC0052BFA5D46D6BAEE37C5 /* AppDelegate+APPAppEvent.m in Sources */,
				072A43F5DECD4C2492CAC906 /* CDVPlugin+APPAppEvent.m in Sources */,
				867BCA135F6744D997D23518 /* APPLocalNotification.m in Sources */,
				6AE63E9F6B114EC7BCDF0619 /* APPLocalNotificationOptions.m in Sources */,
				D3292181D34D4B3E80D7421F /* UNUserNotificationCenter+APPLocalNotification.m in Sources */,
				1C74FC6D5748426AB91F1A16 /* UNMutableNotificationContent+APPLocalNotification.m in Sources */,
				E8159DA652C14DBEB77CC1DB /* UNNotificationRequest+APPLocalNotification.m in Sources */,
				A2C85C7AB10841FA876A4E4A /* APPLocalNotificationOptions.ios9.m in Sources */,
				5D5F9779A1DE4377A3A76CE6 /* UIApplication+APPLocalNotification.ios9.m in Sources */,
				1312A84550CD44918DA89F16 /* UILocalNotification+APPLocalNotification.ios9.m in Sources */,
				CBA504CA088C4247851F711A /* APPBackgroundMode.m in Sources */,
				0E07C8F2960E4011BC521D0B /* APPMethodMagic.m in Sources */,
			);
			runOnlyForDeploymentPostprocessing = 0;
		};
/* End PBXSourcesBuildPhase section */

/* Begin PBXTargetDependency section */
		301BF551109A68C00062928A /* PBXTargetDependency */ = {
			isa = PBXTargetDependency;
			name = CordovaLib;
			targetProxy = 301BF550109A68C00062928A /* PBXContainerItemProxy */;
		};
/* End PBXTargetDependency section */

/* Begin XCBuildConfiguration section */
		1D6058940D05DD3E006BFB54 /* Debug */ = {
			isa = XCBuildConfiguration;
			baseConfigurationReference = 3047A50F1AB8059700498E2A /* build-debug.xcconfig */;
			buildSettings = {
				ALWAYS_SEARCH_USER_PATHS = NO;
				ASSETCATALOG_COMPILER_APPICON_NAME = AppIcon;
				ASSETCATALOG_COMPILER_LAUNCHIMAGE_NAME = LaunchImage;
				CLANG_ENABLE_MODULES = YES;
				CLANG_ENABLE_OBJC_ARC = YES;
				COPY_PHASE_STRIP = NO;
				GCC_DYNAMIC_NO_PIC = NO;
				GCC_OPTIMIZATION_LEVEL = 0;
				GCC_PRECOMPILE_PREFIX_HEADER = YES;
				GCC_PREFIX_HEADER = "GeoPhotos/GeoPhotos-Prefix.pch";
				GCC_THUMB_SUPPORT = NO;
				GCC_VERSION = "";
				INFOPLIST_FILE = "GeoPhotos/GeoPhotos-Info.plist";
				IPHONEOS_DEPLOYMENT_TARGET = 8.0;
				LD_RUNPATH_SEARCH_PATHS = "@executable_path/Frameworks";
				TARGETED_DEVICE_FAMILY = "1,2";
				PRODUCT_NAME = "GeoPhotos";
			};
			name = Debug;
		};
		1D6058950D05DD3E006BFB54 /* Release */ = {
			isa = XCBuildConfiguration;
			baseConfigurationReference = 3047A5101AB8059700498E2A /* build-release.xcconfig */;
			buildSettings = {
				ALWAYS_SEARCH_USER_PATHS = NO;
				ASSETCATALOG_COMPILER_APPICON_NAME = AppIcon;
				ASSETCATALOG_COMPILER_LAUNCHIMAGE_NAME = LaunchImage;
				CLANG_ENABLE_MODULES = YES;
				CLANG_ENABLE_OBJC_ARC = YES;
				COPY_PHASE_STRIP = YES;
				GCC_PRECOMPILE_PREFIX_HEADER = YES;
				GCC_PREFIX_HEADER = "GeoPhotos/GeoPhotos-Prefix.pch";
				GCC_THUMB_SUPPORT = NO;
				GCC_VERSION = "";
				INFOPLIST_FILE = "GeoPhotos/GeoPhotos-Info.plist";
				IPHONEOS_DEPLOYMENT_TARGET = 8.0;
				LD_RUNPATH_SEARCH_PATHS = "@executable_path/Frameworks";
				TARGETED_DEVICE_FAMILY = "1,2";
				PRODUCT_NAME = "GeoPhotos";
			};
			name = Release;
		};
		C01FCF4F08A954540054247B /* Debug */ = {
			isa = XCBuildConfiguration;
			baseConfigurationReference = 3047A5111AB8059700498E2A /* build.xcconfig */;
			buildSettings = {
				CLANG_ENABLE_MODULES = YES;
				CLANG_ENABLE_OBJC_ARC = YES;
				CLANG_WARN_BOOL_CONVERSION = YES;
				CLANG_WARN_CONSTANT_CONVERSION = YES;
				CLANG_WARN_EMPTY_BODY = YES;
				CLANG_WARN_ENUM_CONVERSION = YES;
				CLANG_WARN_INT_CONVERSION = YES;
				CLANG_WARN__DUPLICATE_METHOD_MATCH = YES;
				GCC_C_LANGUAGE_STANDARD = c99;
				GCC_THUMB_SUPPORT = NO;
				GCC_VERSION = "";
				GCC_WARN_ABOUT_RETURN_TYPE = YES;
				GCC_WARN_UNDECLARED_SELECTOR = YES;
				GCC_WARN_UNINITIALIZED_AUTOS = YES;
				GCC_WARN_UNUSED_FUNCTION = YES;
				GCC_WARN_UNUSED_VARIABLE = YES;
				ONLY_ACTIVE_ARCH = YES;
				SDKROOT = iphoneos;
				SKIP_INSTALL = NO;
				ASSETCATALOG_COMPILER_LAUNCHIMAGE_NAME = LaunchImage;
			};
			name = Debug;
		};
		C01FCF5008A954540054247B /* Release */ = {
			isa = XCBuildConfiguration;
			baseConfigurationReference = 3047A5111AB8059700498E2A /* build.xcconfig */;
			buildSettings = {
				CLANG_ENABLE_MODULES = YES;
				CLANG_ENABLE_OBJC_ARC = YES;
				CLANG_WARN_BOOL_CONVERSION = YES;
				CLANG_WARN_CONSTANT_CONVERSION = YES;
				CLANG_WARN_EMPTY_BODY = YES;
				CLANG_WARN_ENUM_CONVERSION = YES;
				CLANG_WARN_INT_CONVERSION = YES;
				CLANG_WARN__DUPLICATE_METHOD_MATCH = YES;
				GCC_C_LANGUAGE_STANDARD = c99;
				GCC_THUMB_SUPPORT = NO;
				GCC_VERSION = "";
				GCC_WARN_ABOUT_RETURN_TYPE = YES;
				GCC_WARN_UNDECLARED_SELECTOR = YES;
				GCC_WARN_UNINITIALIZED_AUTOS = YES;
				GCC_WARN_UNUSED_FUNCTION = YES;
				GCC_WARN_UNUSED_VARIABLE = YES;
				SDKROOT = iphoneos;
				SKIP_INSTALL = NO;
				ASSETCATALOG_COMPILER_LAUNCHIMAGE_NAME = LaunchImage;
			};
			name = Release;
		};
/* End XCBuildConfiguration section */

/* Begin XCConfigurationList section */
		1D6058960D05DD3E006BFB54 /* Build configuration list for PBXNativeTarget "GeoPhotos" */ = {
			isa = XCConfigurationList;
			buildConfigurations = (
				1D6058940D05DD3E006BFB54 /* Debug */,
				1D6058950D05DD3E006BFB54 /* Release */,
			);
			defaultConfigurationIsVisible = 0;
			defaultConfigurationName = Release;
		};
		C01FCF4E08A954540054247B /* Build configuration list for PBXProject "__NON-CLI__" */ = {
			isa = XCConfigurationList;
			buildConfigurations = (
				C01FCF4F08A954540054247B /* Debug */,
				C01FCF5008A954540054247B /* Release */,
			);
			defaultConfigurationIsVisible = 0;
			defaultConfigurationName = Release;
		};
/* End XCConfigurationList section */
	};
	rootObject = 29B97313FDCFA39411CA2CEA /* Project object */;
}
